
Microsoft Visual Studio Solution File, Format Version 12.00
# Visual Studio 15
VisualStudioVersion = 15.0.28010.2003
MinimumVisualStudioVersion = 10.0.40219.1
Project("{FAE04EC0-301F-11D3-BF4B-00C04F79EFBC}") = "Lista 2 - Ex 2", "Lista 2 - Ex 2\Lista 2 - Ex 2.csproj", "{568D023C-F864-48C0-B0B7-3F9A29F55F86}"
EndProject
Global
	GlobalSection(SolutionConfigurationPlatforms) = preSolution
		Debug|Any CPU = Debug|Any CPU
		Release|Any CPU = Release|Any CPU
	EndGlobalSection
	GlobalSection(ProjectConfigurationPlatforms) = postSolution
		{568D023C-F864-48C0-B0B7-3F9A29F55F86}.Debug|Any CPU.ActiveCfg = Debug|Any CPU
		{568D023C-F864-48C0-B0B7-3F9A29F55F86}.Debug|Any CPU.Build.0 = Debug|Any CPU
		{568D023C-F864-48C0-B0B7-3F9A29F55F86}.Release|Any CPU.ActiveCfg = Release|Any CPU
		{568D023C-F864-48C0-B0B7-3F9A29F55F86}.Release|Any CPU.Build.0 = Release|Any CPU
	EndGlobalSection
	GlobalSection(SolutionProperties) = preSolution
		HideSolutionNode = FALSE
	EndGlobalSection
	GlobalSection(ExtensibilityGlobals) = postSolution
		SolutionGuid = {DAF5A69F-3AB6-42F3-989E-AB1C41FD998F}
	EndGlobalSection
EndGlobal
