
Microsoft Visual Studio Solution File, Format Version 12.00
# Visual Studio 15
VisualStudioVersion = 15.0.28010.2003
MinimumVisualStudioVersion = 10.0.40219.1
Project("{FAE04EC0-301F-11D3-BF4B-00C04F79EFBC}") = "Lista2_Ex5", "Lista2_Ex5\Lista2_Ex5.csproj", "{4D889003-D837-4F81-8A52-449F668D668D}"
EndProject
Global
	GlobalSection(SolutionConfigurationPlatforms) = preSolution
		Debug|Any CPU = Debug|Any CPU
		Release|Any CPU = Release|Any CPU
	EndGlobalSection
	GlobalSection(ProjectConfigurationPlatforms) = postSolution
		{4D889003-D837-4F81-8A52-449F668D668D}.Debug|Any CPU.ActiveCfg = Debug|Any CPU
		{4D889003-D837-4F81-8A52-449F668D668D}.Debug|Any CPU.Build.0 = Debug|Any CPU
		{4D889003-D837-4F81-8A52-449F668D668D}.Release|Any CPU.ActiveCfg = Release|Any CPU
		{4D889003-D837-4F81-8A52-449F668D668D}.Release|Any CPU.Build.0 = Release|Any CPU
	EndGlobalSection
	GlobalSection(SolutionProperties) = preSolution
		HideSolutionNode = FALSE
	EndGlobalSection
	GlobalSection(ExtensibilityGlobals) = postSolution
		SolutionGuid = {FCC36FB8-32C1-4567-B230-CEEE480AA6CF}
	EndGlobalSection
EndGlobal
